
Microsoft Visual Studio Solution File, Format Version 12.00
# Visual Studio 15
VisualStudioVersion = 15.0.28010.2003
MinimumVisualStudioVersion = 10.0.40219.1
Project("{9A19103F-16F7-4668-BE54-9A1E7A4F7556}") = "SharpFileSystem", "SharpFileSystem\SharpFileSystem.csproj", "{A2D3941E-8B35-463C-814C-E14366BB524C}"
EndProject
Project("{9A19103F-16F7-4668-BE54-9A1E7A4F7556}") = "SharpFileSystem.FileSystems.Resources", "SharpFileSystem.FileSystems.Resources\SharpFileSystem.FileSystems.Resources.csproj", "{C3D0854B-C901-4393-9A9A-554018380A15}"
EndProject
Project("{9A19103F-16F7-4668-BE54-9A1E7A4F7556}") = "SharpFileSystem.FileSystems", "SharpFileSystem.FileSystems\SharpFileSystem.FileSystems.csproj", "{CEAAFFE5-C58C-4D43-91B8-C10941F32875}"
EndProject
Project("{FAE04EC0-301F-11D3-BF4B-00C04F79EFBC}") = "SharpFileSystem.FileSystems.SevenZipSharp", "SharpFileSystem.FileSystems.SevenZipSharp\SharpFileSystem.FileSystems.SevenZipSharp.csproj", "{FF91B73C-38D0-4B5F-AFD4-A5E1DA136258}"
EndProject
Project("{9A19103F-16F7-4668-BE54-9A1E7A4F7556}") = "SharpFileSystem.FileSystems.SharpZipLib", "SharpFileSystem.FileSystems.SharpZipLib\SharpFileSystem.FileSystems.SharpZipLib.csproj", "{21285C70-AC0B-4B99-A8ED-776F1F7B9A9A}"
EndProject
Project("{FAE04EC0-301F-11D3-BF4B-00C04F79EFBC}") = "SharpFileSystem.Tests", "SharpFileSystem.Tests\SharpFileSystem.Tests.csproj", "{44371EC6-F452-4954-98C1-BD69A0D7FC6C}"
EndProject
Global
	GlobalSection(SolutionConfigurationPlatforms) = preSolution
		Debug|Any CPU = Debug|Any CPU
		Release|Any CPU = Release|Any CPU
	EndGlobalSection
	GlobalSection(ProjectConfigurationPlatforms) = postSolution
		{A2D3941E-8B35-463C-814C-E14366BB524C}.Debug|Any CPU.ActiveCfg = Debug|Any CPU
		{A2D3941E-8B35-463C-814C-E14366BB524C}.Debug|Any CPU.Build.0 = Debug|Any CPU
		{A2D3941E-8B35-463C-814C-E14366BB524C}.Release|Any CPU.ActiveCfg = Release|Any CPU
		{A2D3941E-8B35-463C-814C-E14366BB524C}.Release|Any CPU.Build.0 = Release|Any CPU
		{C3D0854B-C901-4393-9A9A-554018380A15}.Debug|Any CPU.ActiveCfg = Debug|Any CPU
		{C3D0854B-C901-4393-9A9A-554018380A15}.Debug|Any CPU.Build.0 = Debug|Any CPU
		{C3D0854B-C901-4393-9A9A-554018380A15}.Release|Any CPU.ActiveCfg = Release|Any CPU
		{C3D0854B-C901-4393-9A9A-554018380A15}.Release|Any CPU.Build.0 = Release|Any CPU
		{CEAAFFE5-C58C-4D43-91B8-C10941F32875}.Debug|Any CPU.ActiveCfg = Debug|Any CPU
		{CEAAFFE5-C58C-4D43-91B8-C10941F32875}.Debug|Any CPU.Build.0 = Debug|Any CPU
		{CEAAFFE5-C58C-4D43-91B8-C10941F32875}.Release|Any CPU.ActiveCfg = Release|Any CPU
		{CEAAFFE5-C58C-4D43-91B8-C10941F32875}.Release|Any CPU.Build.0 = Release|Any CPU
		{FF91B73C-38D0-4B5F-AFD4-A5E1DA136258}.Debug|Any CPU.ActiveCfg = Debug|Any CPU
		{FF91B73C-38D0-4B5F-AFD4-A5E1DA136258}.Debug|Any CPU.Build.0 = Debug|Any CPU
		{FF91B73C-38D0-4B5F-AFD4-A5E1DA136258}.Release|Any CPU.ActiveCfg = Release|Any CPU
		{FF91B73C-38D0-4B5F-AFD4-A5E1DA136258}.Release|Any CPU.Build.0 = Release|Any CPU
		{21285C70-AC0B-4B99-A8ED-776F1F7B9A9A}.Debug|Any CPU.ActiveCfg = Debug|Any CPU
		{21285C70-AC0B-4B99-A8ED-776F1F7B9A9A}.Debug|Any CPU.Build.0 = Debug|Any CPU
		{21285C70-AC0B-4B99-A8ED-776F1F7B9A9A}.Release|Any CPU.ActiveCfg = Release|Any CPU
		{21285C70-AC0B-4B99-A8ED-776F1F7B9A9A}.Release|Any CPU.Build.0 = Release|Any CPU
		{44371EC6-F452-4954-98C1-BD69A0D7FC6C}.Debug|Any CPU.ActiveCfg = Debug|Any CPU
		{44371EC6-F452-4954-98C1-BD69A0D7FC6C}.Debug|Any CPU.Build.0 = Debug|Any CPU
		{44371EC6-F452-4954-98C1-BD69A0D7FC6C}.Release|Any CPU.ActiveCfg = Release|Any CPU
		{44371EC6-F452-4954-98C1-BD69A0D7FC6C}.Release|Any CPU.Build.0 = Release|Any CPU
	EndGlobalSection
	GlobalSection(SolutionProperties) = preSolution
		HideSolutionNode = FALSE
	EndGlobalSection
	GlobalSection(ExtensibilityGlobals) = postSolution
		SolutionGuid = {89C32752-8824-4389-B583-34F3C0D52A40}
	EndGlobalSection
EndGlobal
